
Microsoft Visual Studio Solution File, Format Version 12.00
# Visual Studio Version 16
VisualStudioVersion = 16.0.31205.134
MinimumVisualStudioVersion = 10.0.40219.1
Project("{FAE04EC0-301F-11D3-BF4B-00C04F79EFBC}") = "SubmarineGame", "SubmarineGame\SubmarineGame.csproj", "{65AC3127-53E1-438C-9670-C5F410717800}"
EndProject
Global
	GlobalSection(SolutionConfigurationPlatforms) = preSolution
		Debug|Any CPU = Debug|Any CPU
		Release|Any CPU = Release|Any CPU
	EndGlobalSection
	GlobalSection(ProjectConfigurationPlatforms) = postSolution
		{65AC3127-53E1-438C-9670-C5F410717800}.Debug|Any CPU.ActiveCfg = Debug|Any CPU
		{65AC3127-53E1-438C-9670-C5F410717800}.Debug|Any CPU.Build.0 = Debug|Any CPU
		{65AC3127-53E1-438C-9670-C5F410717800}.Release|Any CPU.ActiveCfg = Release|Any CPU
		{65AC3127-53E1-438C-9670-C5F410717800}.Release|Any CPU.Build.0 = Release|Any CPU
	EndGlobalSection
	GlobalSection(SolutionProperties) = preSolution
		HideSolutionNode = FALSE
	EndGlobalSection
	GlobalSection(ExtensibilityGlobals) = postSolution
		SolutionGuid = {D0BE1A5B-37ED-4B98-AC8D-C1010E0FCF2D}
	EndGlobalSection
EndGlobal
